
Microsoft Visual Studio Solution File, Format Version 12.00
# Visual Studio Version 17
VisualStudioVersion = 17.3.32825.248
MinimumVisualStudioVersion = 10.0.40219.1
Project("{8BC9CEB8-8B4A-11D0-8D11-00A0C91BC942}") = "gta5-crossmap", "gta5-crossmap.vcxproj", "{65C86A02-5A58-4ED7-AD4D-4D313872D101}"
EndProject
Global
	GlobalSection(SolutionConfigurationPlatforms) = preSolution
		Debug|x64 = Debug|x64
		Debug|x86 = Debug|x86
		Release|x64 = Release|x64
		Release|x86 = Release|x86
	EndGlobalSection
	GlobalSection(ProjectConfigurationPlatforms) = postSolution
		{65C86A02-5A58-4ED7-AD4D-4D313872D101}.Debug|x64.ActiveCfg = Debug|x64
		{65C86A02-5A58-4ED7-AD4D-4D313872D101}.Debug|x64.Build.0 = Debug|x64
		{65C86A02-5A58-4ED7-AD4D-4D313872D101}.Debug|x86.ActiveCfg = Debug|Win32
		{65C86A02-5A58-4ED7-AD4D-4D313872D101}.Debug|x86.Build.0 = Debug|Win32
		{65C86A02-5A58-4ED7-AD4D-4D313872D101}.Release|x64.ActiveCfg = Release|x64
		{65C86A02-5A58-4ED7-AD4D-4D313872D101}.Release|x64.Build.0 = Release|x64
		{65C86A02-5A58-4ED7-AD4D-4D313872D101}.Release|x86.ActiveCfg = Release|Win32
		{65C86A02-5A58-4ED7-AD4D-4D313872D101}.Release|x86.Build.0 = Release|Win32
	EndGlobalSection
	GlobalSection(SolutionProperties) = preSolution
		HideSolutionNode = FALSE
	EndGlobalSection
	GlobalSection(ExtensibilityGlobals) = postSolution
		SolutionGuid = {7D5CE93C-8A33-4687-8563-7996DA42371E}
	EndGlobalSection
EndGlobal
